// !$*UTF8*$!
{
	archiveVersion = 1;
	classes = {
	};
	objectVersion = 56;
	objects = {

/* Begin PBXBuildFile section */
		69E637F72C1D793200657310 /* ThriveApp.swift in Sources */ = {isa = PBXBuildFile; fileRef = 69E637F62C1D793200657310 /* ThriveApp.swift */; };
		69E637F92C1D793200657310 /* TestPageView.swift in Sources */ = {isa = PBXBuildFile; fileRef = 69E637F82C1D793200657310 /* TestPageView.swift */; };
		69E637FB2C1D793400657310 /* Assets.xcassets in Resources */ = {isa = PBXBuildFile; fileRef = 69E637FA2C1D793400657310 /* Assets.xcassets */; };
		69E637FF2C1D793400657310 /* Preview Assets.xcassets in Resources */ = {isa = PBXBuildFile; fileRef = 69E637FE2C1D793400657310 /* Preview Assets.xcassets */; };
		69E638092C1D793400657310 /* ThriveTests.swift in Sources */ = {isa = PBXBuildFile; fileRef = 69E638082C1D793400657310 /* ThriveTests.swift */; };
		69E638132C1D793400657310 /* ThriveUITests.swift in Sources */ = {isa = PBXBuildFile; fileRef = 69E638122C1D793400657310 /* ThriveUITests.swift */; };
		69E638152C1D793400657310 /* ThriveUITestsLaunchTests.swift in Sources */ = {isa = PBXBuildFile; fileRef = 69E638142C1D793400657310 /* ThriveUITestsLaunchTests.swift */; };
		69E638222C25336400657310 /* ContentView.swift in Sources */ = {isa = PBXBuildFile; fileRef = 69E638212C25336400657310 /* ContentView.swift */; };
		69E638242C25B0C700657310 /* ResultsPageView.swift in Sources */ = {isa = PBXBuildFile; fileRef = 69E638232C25B0C700657310 /* ResultsPageView.swift */; };
		69E638262C25B0EC00657310 /* HomePageView.swift in Sources */ = {isa = PBXBuildFile; fileRef = 69E638252C25B0EC00657310 /* HomePageView.swift */; };
		69E638282C25B0FC00657310 /* DiscoverPageView.swift in Sources */ = {isa = PBXBuildFile; fileRef = 69E638272C25B0FC00657310 /* DiscoverPageView.swift */; };
		69E6382A2C25B10800657310 /* ProfilePageView.swift in Sources */ = {isa = PBXBuildFile; fileRef = 69E638292C25B10800657310 /* ProfilePageView.swift */; };
		69E6382D2C25BA9400657310 /* TabBarView.swift in Sources */ = {isa = PBXBuildFile; fileRef = 69E6382C2C25BA9400657310 /* TabBarView.swift */; };
		69E638302C25BE0900657310 /* Fonts.swift in Sources */ = {isa = PBXBuildFile; fileRef = 69E6382F2C25BE0900657310 /* Fonts.swift */; };
		69E638322C2649C200657310 /* TabBarButton.swift in Sources */ = {isa = PBXBuildFile; fileRef = 69E638312C2649C200657310 /* TabBarButton.swift */; };
		69E638782C26F9FE00657310 /* TestDetailView.swift in Sources */ = {isa = PBXBuildFile; fileRef = 69E638772C26F9FE00657310 /* TestDetailView.swift */; };
		69E6387C2C27001E00657310 /* TestCardView.swift in Sources */ = {isa = PBXBuildFile; fileRef = 69E6387B2C27001E00657310 /* TestCardView.swift */; };
		69E638802C27124100657310 /* FeaturedTestView.swift in Sources */ = {isa = PBXBuildFile; fileRef = 69E6387F2C27124100657310 /* FeaturedTestView.swift */; };
		69E638832C2B261700657310 /* GoogleService-Info.plist in Resources */ = {isa = PBXBuildFile; fileRef = 69E638822C2B261700657310 /* GoogleService-Info.plist */; };
		69E638862C2B271000657310 /* FirebaseAuth in Frameworks */ = {isa = PBXBuildFile; productRef = 69E638852C2B271000657310 /* FirebaseAuth */; };
		69E638882C2B271000657310 /* FirebaseFirestore in Frameworks */ = {isa = PBXBuildFile; productRef = 69E638872C2B271000657310 /* FirebaseFirestore */; };
		69E6388A2C2B271000657310 /* FirebaseFirestoreSwift in Frameworks */ = {isa = PBXBuildFile; productRef = 69E638892C2B271000657310 /* FirebaseFirestoreSwift */; };
		69E6388D2C2B274600657310 /* AuthView.swift in Sources */ = {isa = PBXBuildFile; fileRef = 69E6388C2C2B274600657310 /* AuthView.swift */; };
		69E638902C2B275900657310 /* AuthViewModel.swift in Sources */ = {isa = PBXBuildFile; fileRef = 69E6388F2C2B275900657310 /* AuthViewModel.swift */; };
		69E638922C2B276500657310 /* AuthService.swift in Sources */ = {isa = PBXBuildFile; fileRef = 69E638912C2B276500657310 /* AuthService.swift */; };
		69E638942C2B2C6A00657310 /* AppState.swift in Sources */ = {isa = PBXBuildFile; fileRef = 69E638932C2B2C6A00657310 /* AppState.swift */; };
		69E638962C2C45E000657310 /* RootView.swift in Sources */ = {isa = PBXBuildFile; fileRef = 69E638952C2C45E000657310 /* RootView.swift */; };
		69E6389C2C2C68E000657310 /* PermanentMarker-Regular.ttf in Resources */ = {isa = PBXBuildFile; fileRef = 69E6389B2C2C68E000657310 /* PermanentMarker-Regular.ttf */; };
		69E6389D2C2C68E000657310 /* PermanentMarker-Regular.ttf in Resources */ = {isa = PBXBuildFile; fileRef = 69E6389B2C2C68E000657310 /* PermanentMarker-Regular.ttf */; };
		69E6389E2C2C68E000657310 /* PermanentMarker-Regular.ttf in Resources */ = {isa = PBXBuildFile; fileRef = 69E6389B2C2C68E000657310 /* PermanentMarker-Regular.ttf */; };
		69E638A02C2C696000657310 /* LexendDeca-ExtraLight.ttf in Resources */ = {isa = PBXBuildFile; fileRef = 69E6389F2C2C696000657310 /* LexendDeca-ExtraLight.ttf */; };
		69E638A12C2C696000657310 /* LexendDeca-ExtraLight.ttf in Resources */ = {isa = PBXBuildFile; fileRef = 69E6389F2C2C696000657310 /* LexendDeca-ExtraLight.ttf */; };
		69E638A22C2C696000657310 /* LexendDeca-ExtraLight.ttf in Resources */ = {isa = PBXBuildFile; fileRef = 69E6389F2C2C696000657310 /* LexendDeca-ExtraLight.ttf */; };
		69E638A62C2C699900657310 /* LexendDeca-Regular.ttf in Resources */ = {isa = PBXBuildFile; fileRef = 69E638A32C2C699900657310 /* LexendDeca-Regular.ttf */; };
		69E638A72C2C699900657310 /* LexendDeca-Regular.ttf in Resources */ = {isa = PBXBuildFile; fileRef = 69E638A32C2C699900657310 /* LexendDeca-Regular.ttf */; };
		69E638A82C2C699900657310 /* LexendDeca-Regular.ttf in Resources */ = {isa = PBXBuildFile; fileRef = 69E638A32C2C699900657310 /* LexendDeca-Regular.ttf */; };
		69E638A92C2C699900657310 /* LexendDeca-Bold.ttf in Resources */ = {isa = PBXBuildFile; fileRef = 69E638A42C2C699900657310 /* LexendDeca-Bold.ttf */; };
		69E638AA2C2C699900657310 /* LexendDeca-Bold.ttf in Resources */ = {isa = PBXBuildFile; fileRef = 69E638A42C2C699900657310 /* LexendDeca-Bold.ttf */; };
		69E638AB2C2C699900657310 /* LexendDeca-Bold.ttf in Resources */ = {isa = PBXBuildFile; fileRef = 69E638A42C2C699900657310 /* LexendDeca-Bold.ttf */; };
		69E638AC2C2C699900657310 /* LexendDeca-ExtraBold.ttf in Resources */ = {isa = PBXBuildFile; fileRef = 69E638A52C2C699900657310 /* LexendDeca-ExtraBold.ttf */; };
		69E638AD2C2C699900657310 /* LexendDeca-ExtraBold.ttf in Resources */ = {isa = PBXBuildFile; fileRef = 69E638A52C2C699900657310 /* LexendDeca-ExtraBold.ttf */; };
		69E638AE2C2C699900657310 /* LexendDeca-ExtraBold.ttf in Resources */ = {isa = PBXBuildFile; fileRef = 69E638A52C2C699900657310 /* LexendDeca-ExtraBold.ttf */; };
		69E638B02C2CA4BF00657310 /* Test.swift in Sources */ = {isa = PBXBuildFile; fileRef = 69E638AF2C2CA4BF00657310 /* Test.swift */; };
		69E638B12C2CA4BF00657310 /* Test.swift in Sources */ = {isa = PBXBuildFile; fileRef = 69E638AF2C2CA4BF00657310 /* Test.swift */; };
		69E638B22C2CA4BF00657310 /* Test.swift in Sources */ = {isa = PBXBuildFile; fileRef = 69E638AF2C2CA4BF00657310 /* Test.swift */; };
		69E638B42C2CAD2900657310 /* ChatbotView.swift in Sources */ = {isa = PBXBuildFile; fileRef = 69E638B32C2CAD2900657310 /* ChatbotView.swift */; };
		69E638B52C2CAD2900657310 /* ChatbotView.swift in Sources */ = {isa = PBXBuildFile; fileRef = 69E638B32C2CAD2900657310 /* ChatbotView.swift */; };
		69E638B62C2CAD2900657310 /* ChatbotView.swift in Sources */ = {isa = PBXBuildFile; fileRef = 69E638B32C2CAD2900657310 /* ChatbotView.swift */; };
		69E638B92C2CB0A900657310 /* .env in Resources */ = {isa = PBXBuildFile; fileRef = 69E638B82C2CB0A900657310 /* .env */; };
		69E638BA2C2CB0A900657310 /* .env in Resources */ = {isa = PBXBuildFile; fileRef = 69E638B82C2CB0A900657310 /* .env */; };
		69E638BB2C2CB0A900657310 /* .env in Resources */ = {isa = PBXBuildFile; fileRef = 69E638B82C2CB0A900657310 /* .env */; };
		69E638BD2C2CB0F300657310 /* .gitignore in Resources */ = {isa = PBXBuildFile; fileRef = 69E638BC2C2CB0F300657310 /* .gitignore */; };
		69E638BE2C2CB0F300657310 /* .gitignore in Resources */ = {isa = PBXBuildFile; fileRef = 69E638BC2C2CB0F300657310 /* .gitignore */; };
		69E638BF2C2CB0F300657310 /* .gitignore in Resources */ = {isa = PBXBuildFile; fileRef = 69E638BC2C2CB0F300657310 /* .gitignore */; };
/* End PBXBuildFile section */

/* Begin PBXContainerItemProxy section */
		69E638052C1D793400657310 /* PBXContainerItemProxy */ = {
			isa = PBXContainerItemProxy;
			containerPortal = 69E637EB2C1D793200657310 /* Project object */;
			proxyType = 1;
			remoteGlobalIDString = 69E637F22C1D793200657310;
			remoteInfo = Thrive;
		};
		69E6380F2C1D793400657310 /* PBXContainerItemProxy */ = {
			isa = PBXContainerItemProxy;
			containerPortal = 69E637EB2C1D793200657310 /* Project object */;
			proxyType = 1;
			remoteGlobalIDString = 69E637F22C1D793200657310;
			remoteInfo = Thrive;
		};
/* End PBXContainerItemProxy section */

/* Begin PBXFileReference section */
		69E637F32C1D793200657310 /* Thrive.app */ = {isa = PBXFileReference; explicitFileType = wrapper.application; includeInIndex = 0; path = Thrive.app; sourceTree = BUILT_PRODUCTS_DIR; };
		69E637F62C1D793200657310 /* ThriveApp.swift */ = {isa = PBXFileReference; lastKnownFileType = sourcecode.swift; path = ThriveApp.swift; sourceTree = "<group>"; };
		69E637F82C1D793200657310 /* TestPageView.swift */ = {isa = PBXFileReference; lastKnownFileType = sourcecode.swift; path = TestPageView.swift; sourceTree = "<group>"; };
		69E637FA2C1D793400657310 /* Assets.xcassets */ = {isa = PBXFileReference; lastKnownFileType = folder.assetcatalog; path = Assets.xcassets; sourceTree = "<group>"; };
		69E637FC2C1D793400657310 /* Thrive.entitlements */ = {isa = PBXFileReference; lastKnownFileType = text.plist.entitlements; path = Thrive.entitlements; sourceTree = "<group>"; };
		69E637FE2C1D793400657310 /* Preview Assets.xcassets */ = {isa = PBXFileReference; lastKnownFileType = folder.assetcatalog; path = "Preview Assets.xcassets"; sourceTree = "<group>"; };
		69E638042C1D793400657310 /* ThriveTests.xctest */ = {isa = PBXFileReference; explicitFileType = wrapper.cfbundle; includeInIndex = 0; path = ThriveTests.xctest; sourceTree = BUILT_PRODUCTS_DIR; };
		69E638082C1D793400657310 /* ThriveTests.swift */ = {isa = PBXFileReference; lastKnownFileType = sourcecode.swift; path = ThriveTests.swift; sourceTree = "<group>"; };
		69E6380E2C1D793400657310 /* ThriveUITests.xctest */ = {isa = PBXFileReference; explicitFileType = wrapper.cfbundle; includeInIndex = 0; path = ThriveUITests.xctest; sourceTree = BUILT_PRODUCTS_DIR; };
		69E638122C1D793400657310 /* ThriveUITests.swift */ = {isa = PBXFileReference; lastKnownFileType = sourcecode.swift; path = ThriveUITests.swift; sourceTree = "<group>"; };
		69E638142C1D793400657310 /* ThriveUITestsLaunchTests.swift */ = {isa = PBXFileReference; lastKnownFileType = sourcecode.swift; path = ThriveUITestsLaunchTests.swift; sourceTree = "<group>"; };
		69E638212C25336400657310 /* ContentView.swift */ = {isa = PBXFileReference; lastKnownFileType = sourcecode.swift; path = ContentView.swift; sourceTree = "<group>"; };
		69E638232C25B0C700657310 /* ResultsPageView.swift */ = {isa = PBXFileReference; lastKnownFileType = sourcecode.swift; path = ResultsPageView.swift; sourceTree = "<group>"; };
		69E638252C25B0EC00657310 /* HomePageView.swift */ = {isa = PBXFileReference; lastKnownFileType = sourcecode.swift; path = HomePageView.swift; sourceTree = "<group>"; };
		69E638272C25B0FC00657310 /* DiscoverPageView.swift */ = {isa = PBXFileReference; lastKnownFileType = sourcecode.swift; path = DiscoverPageView.swift; sourceTree = "<group>"; };
		69E638292C25B10800657310 /* ProfilePageView.swift */ = {isa = PBXFileReference; lastKnownFileType = sourcecode.swift; path = ProfilePageView.swift; sourceTree = "<group>"; };
		69E6382C2C25BA9400657310 /* TabBarView.swift */ = {isa = PBXFileReference; lastKnownFileType = sourcecode.swift; path = TabBarView.swift; sourceTree = "<group>"; };
		69E6382F2C25BE0900657310 /* Fonts.swift */ = {isa = PBXFileReference; lastKnownFileType = sourcecode.swift; path = Fonts.swift; sourceTree = "<group>"; };
		69E638312C2649C200657310 /* TabBarButton.swift */ = {isa = PBXFileReference; lastKnownFileType = sourcecode.swift; path = TabBarButton.swift; sourceTree = "<group>"; };
		69E638772C26F9FE00657310 /* TestDetailView.swift */ = {isa = PBXFileReference; lastKnownFileType = sourcecode.swift; path = TestDetailView.swift; sourceTree = "<group>"; };
		69E6387B2C27001E00657310 /* TestCardView.swift */ = {isa = PBXFileReference; lastKnownFileType = sourcecode.swift; path = TestCardView.swift; sourceTree = "<group>"; };
		69E6387F2C27124100657310 /* FeaturedTestView.swift */ = {isa = PBXFileReference; lastKnownFileType = sourcecode.swift; path = FeaturedTestView.swift; sourceTree = "<group>"; };
		69E638822C2B261700657310 /* GoogleService-Info.plist */ = {isa = PBXFileReference; fileEncoding = 4; lastKnownFileType = text.plist.xml; name = "GoogleService-Info.plist"; path = "../../../Downloads/GoogleService-Info.plist"; sourceTree = "<group>"; };
		69E6388C2C2B274600657310 /* AuthView.swift */ = {isa = PBXFileReference; lastKnownFileType = sourcecode.swift; path = AuthView.swift; sourceTree = "<group>"; };
		69E6388F2C2B275900657310 /* AuthViewModel.swift */ = {isa = PBXFileReference; lastKnownFileType = sourcecode.swift; path = AuthViewModel.swift; sourceTree = "<group>"; };
		69E638912C2B276500657310 /* AuthService.swift */ = {isa = PBXFileReference; lastKnownFileType = sourcecode.swift; path = AuthService.swift; sourceTree = "<group>"; };
		69E638932C2B2C6A00657310 /* AppState.swift */ = {isa = PBXFileReference; lastKnownFileType = sourcecode.swift; path = AppState.swift; sourceTree = "<group>"; };
		69E638952C2C45E000657310 /* RootView.swift */ = {isa = PBXFileReference; lastKnownFileType = sourcecode.swift; path = RootView.swift; sourceTree = "<group>"; };
		69E638992C2C652600657310 /* Info.plist */ = {isa = PBXFileReference; lastKnownFileType = text.plist; path = Info.plist; sourceTree = "<group>"; };
		69E6389B2C2C68E000657310 /* PermanentMarker-Regular.ttf */ = {isa = PBXFileReference; lastKnownFileType = file; path = "PermanentMarker-Regular.ttf"; sourceTree = "<group>"; };
		69E6389F2C2C696000657310 /* LexendDeca-ExtraLight.ttf */ = {isa = PBXFileReference; lastKnownFileType = file; path = "LexendDeca-ExtraLight.ttf"; sourceTree = "<group>"; };
		69E638A32C2C699900657310 /* LexendDeca-Regular.ttf */ = {isa = PBXFileReference; lastKnownFileType = file; path = "LexendDeca-Regular.ttf"; sourceTree = "<group>"; };
		69E638A42C2C699900657310 /* LexendDeca-Bold.ttf */ = {isa = PBXFileReference; lastKnownFileType = file; path = "LexendDeca-Bold.ttf"; sourceTree = "<group>"; };
		69E638A52C2C699900657310 /* LexendDeca-ExtraBold.ttf */ = {isa = PBXFileReference; lastKnownFileType = file; path = "LexendDeca-ExtraBold.ttf"; sourceTree = "<group>"; };
		69E638AF2C2CA4BF00657310 /* Test.swift */ = {isa = PBXFileReference; lastKnownFileType = sourcecode.swift; path = Test.swift; sourceTree = "<group>"; };
		69E638B32C2CAD2900657310 /* ChatbotView.swift */ = {isa = PBXFileReference; lastKnownFileType = sourcecode.swift; path = ChatbotView.swift; sourceTree = "<group>"; };
		69E638B82C2CB0A900657310 /* .env */ = {isa = PBXFileReference; lastKnownFileType = text; path = .env; sourceTree = "<group>"; };
		69E638BC2C2CB0F300657310 /* .gitignore */ = {isa = PBXFileReference; lastKnownFileType = text; path = .gitignore; sourceTree = "<group>"; };
/* End PBXFileReference section */

/* Begin PBXFrameworksBuildPhase section */
		69E637F02C1D793200657310 /* Frameworks */ = {
			isa = PBXFrameworksBuildPhase;
			buildActionMask = 2147483647;
			files = (
				69E638862C2B271000657310 /* FirebaseAuth in Frameworks */,
				69E638882C2B271000657310 /* FirebaseFirestore in Frameworks */,
				69E6388A2C2B271000657310 /* FirebaseFirestoreSwift in Frameworks */,
			);
			runOnlyForDeploymentPostprocessing = 0;
		};
		69E638012C1D793400657310 /* Frameworks */ = {
			isa = PBXFrameworksBuildPhase;
			buildActionMask = 2147483647;
			files = (
			);
			runOnlyForDeploymentPostprocessing = 0;
		};
		69E6380B2C1D793400657310 /* Frameworks */ = {
			isa = PBXFrameworksBuildPhase;
			buildActionMask = 2147483647;
			files = (
			);
			runOnlyForDeploymentPostprocessing = 0;
		};
/* End PBXFrameworksBuildPhase section */

/* Begin PBXGroup section */
		69E637EA2C1D793200657310 = {
			isa = PBXGroup;
			children = (
				69E638BC2C2CB0F300657310 /* .gitignore */,
				69E638B82C2CB0A900657310 /* .env */,
				69E638822C2B261700657310 /* GoogleService-Info.plist */,
				69E637F52C1D793200657310 /* Thrive */,
				69E6389A2C2C689D00657310 /* Font */,
				69E638072C1D793400657310 /* ThriveTests */,
				69E638112C1D793400657310 /* ThriveUITests */,
				69E637F42C1D793200657310 /* Products */,
				69E6383B2C26754B00657310 /* Frameworks */,
			);
			sourceTree = "<group>";
		};
		69E637F42C1D793200657310 /* Products */ = {
			isa = PBXGroup;
			children = (
				69E637F32C1D793200657310 /* Thrive.app */,
				69E638042C1D793400657310 /* ThriveTests.xctest */,
				69E6380E2C1D793400657310 /* ThriveUITests.xctest */,
			);
			name = Products;
			sourceTree = "<group>";
		};
		69E637F52C1D793200657310 /* Thrive */ = {
			isa = PBXGroup;
			children = (
				69E638992C2C652600657310 /* Info.plist */,
				69E637F62C1D793200657310 /* ThriveApp.swift */,
				69E638212C25336400657310 /* ContentView.swift */,
				69E638952C2C45E000657310 /* RootView.swift */,
				69E638932C2B2C6A00657310 /* AppState.swift */,
				69E6388B2C2B273400657310 /* Authentication */,
				69E638812C28559700657310 /* TestViews */,
				69E6382E2C25BDF300657310 /* Helpers */,
				69E6382B2C25B6B700657310 /* Tab Bar */,
				69E638232C25B0C700657310 /* ResultsPageView.swift */,
				69E638252C25B0EC00657310 /* HomePageView.swift */,
				69E638272C25B0FC00657310 /* DiscoverPageView.swift */,
				69E638292C25B10800657310 /* ProfilePageView.swift */,
				69E637FA2C1D793400657310 /* Assets.xcassets */,
				69E637FC2C1D793400657310 /* Thrive.entitlements */,
				69E637FD2C1D793400657310 /* Preview Content */,
			);
			path = Thrive;
			sourceTree = "<group>";
		};
		69E637FD2C1D793400657310 /* Preview Content */ = {
			isa = PBXGroup;
			children = (
				69E637FE2C1D793400657310 /* Preview Assets.xcassets */,
			);
			path = "Preview Content";
			sourceTree = "<group>";
		};
		69E638072C1D793400657310 /* ThriveTests */ = {
			isa = PBXGroup;
			children = (
				69E638082C1D793400657310 /* ThriveTests.swift */,
			);
			path = ThriveTests;
			sourceTree = "<group>";
		};
		69E638112C1D793400657310 /* ThriveUITests */ = {
			isa = PBXGroup;
			children = (
				69E638122C1D793400657310 /* ThriveUITests.swift */,
				69E638142C1D793400657310 /* ThriveUITestsLaunchTests.swift */,
			);
			path = ThriveUITests;
			sourceTree = "<group>";
		};
		69E6382B2C25B6B700657310 /* Tab Bar */ = {
			isa = PBXGroup;
			children = (
				69E6382C2C25BA9400657310 /* TabBarView.swift */,
				69E638312C2649C200657310 /* TabBarButton.swift */,
			);
			path = "Tab Bar";
			sourceTree = "<group>";
		};
		69E6382E2C25BDF300657310 /* Helpers */ = {
			isa = PBXGroup;
			children = (
				69E6382F2C25BE0900657310 /* Fonts.swift */,
			);
			path = Helpers;
			sourceTree = "<group>";
		};
		69E6383B2C26754B00657310 /* Frameworks */ = {
			isa = PBXGroup;
			children = (
			);
			name = Frameworks;
			sourceTree = "<group>";
		};
		69E638812C28559700657310 /* TestViews */ = {
			isa = PBXGroup;
			children = (
				69E6387F2C27124100657310 /* FeaturedTestView.swift */,
				69E637F82C1D793200657310 /* TestPageView.swift */,
				69E6387B2C27001E00657310 /* TestCardView.swift */,
				69E638772C26F9FE00657310 /* TestDetailView.swift */,
				69E638AF2C2CA4BF00657310 /* Test.swift */,
				69E638B32C2CAD2900657310 /* ChatbotView.swift */,
			);
			path = TestViews;
			sourceTree = "<group>";
		};
		69E6388B2C2B273400657310 /* Authentication */ = {
			isa = PBXGroup;
			children = (
				69E6388C2C2B274600657310 /* AuthView.swift */,
				69E6388F2C2B275900657310 /* AuthViewModel.swift */,
				69E638912C2B276500657310 /* AuthService.swift */,
			);
			path = Authentication;
			sourceTree = "<group>";
		};
		69E6389A2C2C689D00657310 /* Font */ = {
			isa = PBXGroup;
			children = (
				69E6389F2C2C696000657310 /* LexendDeca-ExtraLight.ttf */,
				69E638A42C2C699900657310 /* LexendDeca-Bold.ttf */,
				69E638A52C2C699900657310 /* LexendDeca-ExtraBold.ttf */,
				69E638A32C2C699900657310 /* LexendDeca-Regular.ttf */,
				69E6389B2C2C68E000657310 /* PermanentMarker-Regular.ttf */,
			);
			path = Font;
			sourceTree = "<group>";
		};
/* End PBXGroup section */

/* Begin PBXNativeTarget section */
		69E637F22C1D793200657310 /* Thrive */ = {
			isa = PBXNativeTarget;
			buildConfigurationList = 69E638182C1D793400657310 /* Build configuration list for PBXNativeTarget "Thrive" */;
			buildPhases = (
				69E637EF2C1D793200657310 /* Sources */,
				69E637F02C1D793200657310 /* Frameworks */,
				69E637F12C1D793200657310 /* Resources */,
			);
			buildRules = (
			);
			dependencies = (
			);
			name = Thrive;
			packageProductDependencies = (
				69E638852C2B271000657310 /* FirebaseAuth */,
				69E638872C2B271000657310 /* FirebaseFirestore */,
				69E638892C2B271000657310 /* FirebaseFirestoreSwift */,
			);
			productName = Thrive;
			productReference = 69E637F32C1D793200657310 /* Thrive.app */;
			productType = "com.apple.product-type.application";
		};
		69E638032C1D793400657310 /* ThriveTests */ = {
			isa = PBXNativeTarget;
			buildConfigurationList = 69E6381B2C1D793400657310 /* Build configuration list for PBXNativeTarget "ThriveTests" */;
			buildPhases = (
				69E638002C1D793400657310 /* Sources */,
				69E638012C1D793400657310 /* Frameworks */,
				69E638022C1D793400657310 /* Resources */,
			);
			buildRules = (
			);
			dependencies = (
				69E638062C1D793400657310 /* PBXTargetDependency */,
			);
			name = ThriveTests;
			productName = ThriveTests;
			productReference = 69E638042C1D793400657310 /* ThriveTests.xctest */;
			productType = "com.apple.product-type.bundle.unit-test";
		};
		69E6380D2C1D793400657310 /* ThriveUITests */ = {
			isa = PBXNativeTarget;
			buildConfigurationList = 69E6381E2C1D793400657310 /* Build configuration list for PBXNativeTarget "ThriveUITests" */;
			buildPhases = (
				69E6380A2C1D793400657310 /* Sources */,
				69E6380B2C1D793400657310 /* Frameworks */,
				69E6380C2C1D793400657310 /* Resources */,
			);
			buildRules = (
			);
			dependencies = (
				69E638102C1D793400657310 /* PBXTargetDependency */,
			);
			name = ThriveUITests;
			productName = ThriveUITests;
			productReference = 69E6380E2C1D793400657310 /* ThriveUITests.xctest */;
			productType = "com.apple.product-type.bundle.ui-testing";
		};
/* End PBXNativeTarget section */

/* Begin PBXProject section */
		69E637EB2C1D793200657310 /* Project object */ = {
			isa = PBXProject;
			attributes = {
				BuildIndependentTargetsInParallel = 1;
				LastSwiftUpdateCheck = 1540;
				LastUpgradeCheck = 1540;
				TargetAttributes = {
					69E637F22C1D793200657310 = {
						CreatedOnToolsVersion = 15.4;
					};
					69E638032C1D793400657310 = {
						CreatedOnToolsVersion = 15.4;
						TestTargetID = 69E637F22C1D793200657310;
					};
					69E6380D2C1D793400657310 = {
						CreatedOnToolsVersion = 15.4;
						TestTargetID = 69E637F22C1D793200657310;
					};
				};
			};
			buildConfigurationList = 69E637EE2C1D793200657310 /* Build configuration list for PBXProject "Thrive" */;
			compatibilityVersion = "Xcode 14.0";
			developmentRegion = en;
			hasScannedForEncodings = 0;
			knownRegions = (
				en,
				Base,
			);
			mainGroup = 69E637EA2C1D793200657310;
			packageReferences = (
				69E638842C2B271000657310 /* XCRemoteSwiftPackageReference "firebase-ios-sdk" */,
				69E638B72C2CAF3500657310 /* XCRemoteSwiftPackageReference "Alamofire" */,
			);
			productRefGroup = 69E637F42C1D793200657310 /* Products */;
			projectDirPath = "";
			projectRoot = "";
			targets = (
				69E637F22C1D793200657310 /* Thrive */,
				69E638032C1D793400657310 /* ThriveTests */,
				69E6380D2C1D793400657310 /* ThriveUITests */,
			);
		};
/* End PBXProject section */

/* Begin PBXResourcesBuildPhase section */
		69E637F12C1D793200657310 /* Resources */ = {
			isa = PBXResourcesBuildPhase;
			buildActionMask = 2147483647;
			files = (
				69E638BD2C2CB0F300657310 /* .gitignore in Resources */,
				69E638A02C2C696000657310 /* LexendDeca-ExtraLight.ttf in Resources */,
				69E637FF2C1D793400657310 /* Preview Assets.xcassets in Resources */,
				69E638A92C2C699900657310 /* LexendDeca-Bold.ttf in Resources */,
				69E638B92C2CB0A900657310 /* .env in Resources */,
				69E638AC2C2C699900657310 /* LexendDeca-ExtraBold.ttf in Resources */,
				69E637FB2C1D793400657310 /* Assets.xcassets in Resources */,
				69E6389C2C2C68E000657310 /* PermanentMarker-Regular.ttf in Resources */,
				69E638A62C2C699900657310 /* LexendDeca-Regular.ttf in Resources */,
				69E638832C2B261700657310 /* GoogleService-Info.plist in Resources */,
			);
			runOnlyForDeploymentPostprocessing = 0;
		};
		69E638022C1D793400657310 /* Resources */ = {
			isa = PBXResourcesBuildPhase;
			buildActionMask = 2147483647;
			files = (
				69E6389D2C2C68E000657310 /* PermanentMarker-Regular.ttf in Resources */,
				69E638BE2C2CB0F300657310 /* .gitignore in Resources */,
				69E638AD2C2C699900657310 /* LexendDeca-ExtraBold.ttf in Resources */,
				69E638A72C2C699900657310 /* LexendDeca-Regular.ttf in Resources */,
				69E638BA2C2CB0A900657310 /* .env in Resources */,
				69E638AA2C2C699900657310 /* LexendDeca-Bold.ttf in Resources */,
				69E638A12C2C696000657310 /* LexendDeca-ExtraLight.ttf in Resources */,
			);
			runOnlyForDeploymentPostprocessing = 0;
		};
		69E6380C2C1D793400657310 /* Resources */ = {
			isa = PBXResourcesBuildPhase;
			buildActionMask = 2147483647;
			files = (
				69E6389E2C2C68E000657310 /* PermanentMarker-Regular.ttf in Resources */,
				69E638BF2C2CB0F300657310 /* .gitignore in Resources */,
				69E638AE2C2C699900657310 /* LexendDeca-ExtraBold.ttf in Resources */,
				69E638A82C2C699900657310 /* LexendDeca-Regular.ttf in Resources */,
				69E638BB2C2CB0A900657310 /* .env in Resources */,
				69E638AB2C2C699900657310 /* LexendDeca-Bold.ttf in Resources */,
				69E638A22C2C696000657310 /* LexendDeca-ExtraLight.ttf in Resources */,
			);
			runOnlyForDeploymentPostprocessing = 0;
		};
/* End PBXResourcesBuildPhase section */

/* Begin PBXSourcesBuildPhase section */
		69E637EF2C1D793200657310 /* Sources */ = {
			isa = PBXSourcesBuildPhase;
			buildActionMask = 2147483647;
			files = (
				69E638B42C2CAD2900657310 /* ChatbotView.swift in Sources */,
				69E6388D2C2B274600657310 /* AuthView.swift in Sources */,
				69E637F92C1D793200657310 /* TestPageView.swift in Sources */,
				69E637F72C1D793200657310 /* ThriveApp.swift in Sources */,
				69E6387C2C27001E00657310 /* TestCardView.swift in Sources */,
				69E638B02C2CA4BF00657310 /* Test.swift in Sources */,
				69E6382D2C25BA9400657310 /* TabBarView.swift in Sources */,
				69E638902C2B275900657310 /* AuthViewModel.swift in Sources */,
				69E638942C2B2C6A00657310 /* AppState.swift in Sources */,
				69E638322C2649C200657310 /* TabBarButton.swift in Sources */,
				69E638242C25B0C700657310 /* ResultsPageView.swift in Sources */,
				69E638222C25336400657310 /* ContentView.swift in Sources */,
				69E638282C25B0FC00657310 /* DiscoverPageView.swift in Sources */,
				69E638262C25B0EC00657310 /* HomePageView.swift in Sources */,
				69E638802C27124100657310 /* FeaturedTestView.swift in Sources */,
				69E638302C25BE0900657310 /* Fonts.swift in Sources */,
				69E638962C2C45E000657310 /* RootView.swift in Sources */,
				69E6382A2C25B10800657310 /* ProfilePageView.swift in Sources */,
				69E638782C26F9FE00657310 /* TestDetailView.swift in Sources */,
				69E638922C2B276500657310 /* AuthService.swift in Sources */,
			);
			runOnlyForDeploymentPostprocessing = 0;
		};
		69E638002C1D793400657310 /* Sources */ = {
			isa = PBXSourcesBuildPhase;
			buildActionMask = 2147483647;
			files = (
				69E638092C1D793400657310 /* ThriveTests.swift in Sources */,
				69E638B12C2CA4BF00657310 /* Test.swift in Sources */,
				69E638B52C2CAD2900657310 /* ChatbotView.swift in Sources */,
			);
			runOnlyForDeploymentPostprocessing = 0;
		};
		69E6380A2C1D793400657310 /* Sources */ = {
			isa = PBXSourcesBuildPhase;
			buildActionMask = 2147483647;
			files = (
				69E638B62C2CAD2900657310 /* ChatbotView.swift in Sources */,
				69E638152C1D793400657310 /* ThriveUITestsLaunchTests.swift in Sources */,
				69E638132C1D793400657310 /* ThriveUITests.swift in Sources */,
				69E638B22C2CA4BF00657310 /* Test.swift in Sources */,
			);
			runOnlyForDeploymentPostprocessing = 0;
		};
/* End PBXSourcesBuildPhase section */

/* Begin PBXTargetDependency section */
		69E638062C1D793400657310 /* PBXTargetDependency */ = {
			isa = PBXTargetDependency;
			target = 69E637F22C1D793200657310 /* Thrive */;
			targetProxy = 69E638052C1D793400657310 /* PBXContainerItemProxy */;
		};
		69E638102C1D793400657310 /* PBXTargetDependency */ = {
			isa = PBXTargetDependency;
			target = 69E637F22C1D793200657310 /* Thrive */;
			targetProxy = 69E6380F2C1D793400657310 /* PBXContainerItemProxy */;
		};
/* End PBXTargetDependency section */

/* Begin XCBuildConfiguration section */
		69E638162C1D793400657310 /* Debug */ = {
			isa = XCBuildConfiguration;
			buildSettings = {
				ALWAYS_SEARCH_USER_PATHS = NO;
				ASSETCATALOG_COMPILER_GENERATE_SWIFT_ASSET_SYMBOL_EXTENSIONS = YES;
				CLANG_ANALYZER_NONNULL = YES;
				CLANG_ANALYZER_NUMBER_OBJECT_CONVERSION = YES_AGGRESSIVE;
				CLANG_CXX_LANGUAGE_STANDARD = "gnu++20";
				CLANG_ENABLE_MODULES = YES;
				CLANG_ENABLE_OBJC_ARC = YES;
				CLANG_ENABLE_OBJC_WEAK = YES;
				CLANG_WARN_BLOCK_CAPTURE_AUTORELEASING = YES;
				CLANG_WARN_BOOL_CONVERSION = YES;
				CLANG_WARN_COMMA = YES;
				CLANG_WARN_CONSTANT_CONVERSION = YES;
				CLANG_WARN_DEPRECATED_OBJC_IMPLEMENTATIONS = YES;
				CLANG_WARN_DIRECT_OBJC_ISA_USAGE = YES_ERROR;
				CLANG_WARN_DOCUMENTATION_COMMENTS = YES;
				CLANG_WARN_EMPTY_BODY = YES;
				CLANG_WARN_ENUM_CONVERSION = YES;
				CLANG_WARN_INFINITE_RECURSION = YES;
				CLANG_WARN_INT_CONVERSION = YES;
				CLANG_WARN_NON_LITERAL_NULL_CONVERSION = YES;
				CLANG_WARN_OBJC_IMPLICIT_RETAIN_SELF = YES;
				CLANG_WARN_OBJC_LITERAL_CONVERSION = YES;
				CLANG_WARN_OBJC_ROOT_CLASS = YES_ERROR;
				CLANG_WARN_QUOTED_INCLUDE_IN_FRAMEWORK_HEADER = YES;
				CLANG_WARN_RANGE_LOOP_ANALYSIS = YES;
				CLANG_WARN_STRICT_PROTOTYPES = YES;
				CLANG_WARN_SUSPICIOUS_MOVE = YES;
				CLANG_WARN_UNGUARDED_AVAILABILITY = YES_AGGRESSIVE;
				CLANG_WARN_UNREACHABLE_CODE = YES;
				CLANG_WARN__DUPLICATE_METHOD_MATCH = YES;
				COPY_PHASE_STRIP = NO;
				DEBUG_INFORMATION_FORMAT = dwarf;
				ENABLE_STRICT_OBJC_MSGSEND = YES;
				ENABLE_TESTABILITY = YES;
				ENABLE_USER_SCRIPT_SANDBOXING = YES;
				GCC_C_LANGUAGE_STANDARD = gnu17;
				GCC_DYNAMIC_NO_PIC = NO;
				GCC_NO_COMMON_BLOCKS = YES;
				GCC_OPTIMIZATION_LEVEL = 0;
				GCC_PREPROCESSOR_DEFINITIONS = (
					"DEBUG=1",
					"$(inherited)",
				);
				GCC_WARN_64_TO_32_BIT_CONVERSION = YES;
				GCC_WARN_ABOUT_RETURN_TYPE = YES_ERROR;
				GCC_WARN_UNDECLARED_SELECTOR = YES;
				GCC_WARN_UNINITIALIZED_AUTOS = YES_AGGRESSIVE;
				GCC_WARN_UNUSED_FUNCTION = YES;
				GCC_WARN_UNUSED_VARIABLE = YES;
				LOCALIZATION_PREFERS_STRING_CATALOGS = YES;
				MTL_ENABLE_DEBUG_INFO = INCLUDE_SOURCE;
				MTL_FAST_MATH = YES;
				ONLY_ACTIVE_ARCH = YES;
				SWIFT_ACTIVE_COMPILATION_CONDITIONS = "DEBUG $(inherited)";
				SWIFT_OPTIMIZATION_LEVEL = "-Onone";
			};
			name = Debug;
		};
		69E638172C1D793400657310 /* Release */ = {
			isa = XCBuildConfiguration;
			buildSettings = {
				ALWAYS_SEARCH_USER_PATHS = NO;
				ASSETCATALOG_COMPILER_GENERATE_SWIFT_ASSET_SYMBOL_EXTENSIONS = YES;
				CLANG_ANALYZER_NONNULL = YES;
				CLANG_ANALYZER_NUMBER_OBJECT_CONVERSION = YES_AGGRESSIVE;
				CLANG_CXX_LANGUAGE_STANDARD = "gnu++20";
				CLANG_ENABLE_MODULES = YES;
				CLANG_ENABLE_OBJC_ARC = YES;
				CLANG_ENABLE_OBJC_WEAK = YES;
				CLANG_WARN_BLOCK_CAPTURE_AUTORELEASING = YES;
				CLANG_WARN_BOOL_CONVERSION = YES;
				CLANG_WARN_COMMA = YES;
				CLANG_WARN_CONSTANT_CONVERSION = YES;
				CLANG_WARN_DEPRECATED_OBJC_IMPLEMENTATIONS = YES;
				CLANG_WARN_DIRECT_OBJC_ISA_USAGE = YES_ERROR;
				CLANG_WARN_DOCUMENTATION_COMMENTS = YES;
				CLANG_WARN_EMPTY_BODY = YES;
				CLANG_WARN_ENUM_CONVERSION = YES;
				CLANG_WARN_INFINITE_RECURSION = YES;
				CLANG_WARN_INT_CONVERSION = YES;
				CLANG_WARN_NON_LITERAL_NULL_CONVERSION = YES;
				CLANG_WARN_OBJC_IMPLICIT_RETAIN_SELF = YES;
				CLANG_WARN_OBJC_LITERAL_CONVERSION = YES;
				CLANG_WARN_OBJC_ROOT_CLASS = YES_ERROR;
				CLANG_WARN_QUOTED_INCLUDE_IN_FRAMEWORK_HEADER = YES;
				CLANG_WARN_RANGE_LOOP_ANALYSIS = YES;
				CLANG_WARN_STRICT_PROTOTYPES = YES;
				CLANG_WARN_SUSPICIOUS_MOVE = YES;
				CLANG_WARN_UNGUARDED_AVAILABILITY = YES_AGGRESSIVE;
				CLANG_WARN_UNREACHABLE_CODE = YES;
				CLANG_WARN__DUPLICATE_METHOD_MATCH = YES;
				COPY_PHASE_STRIP = NO;
				DEBUG_INFORMATION_FORMAT = "dwarf-with-dsym";
				ENABLE_NS_ASSERTIONS = NO;
				ENABLE_STRICT_OBJC_MSGSEND = YES;
				ENABLE_USER_SCRIPT_SANDBOXING = YES;
				GCC_C_LANGUAGE_STANDARD = gnu17;
				GCC_NO_COMMON_BLOCKS = YES;
				GCC_WARN_64_TO_32_BIT_CONVERSION = YES;
				GCC_WARN_ABOUT_RETURN_TYPE = YES_ERROR;
				GCC_WARN_UNDECLARED_SELECTOR = YES;
				GCC_WARN_UNINITIALIZED_AUTOS = YES_AGGRESSIVE;
				GCC_WARN_UNUSED_FUNCTION = YES;
				GCC_WARN_UNUSED_VARIABLE = YES;
				LOCALIZATION_PREFERS_STRING_CATALOGS = YES;
				MTL_ENABLE_DEBUG_INFO = NO;
				MTL_FAST_MATH = YES;
				SWIFT_COMPILATION_MODE = wholemodule;
			};
			name = Release;
		};
		69E638192C1D793400657310 /* Debug */ = {
			isa = XCBuildConfiguration;
			buildSettings = {
				ASSETCATALOG_COMPILER_APPICON_NAME = AppIcon;
				ASSETCATALOG_COMPILER_GLOBAL_ACCENT_COLOR_NAME = AccentColor;
				CODE_SIGN_ENTITLEMENTS = Thrive/Thrive.entitlements;
				CODE_SIGN_STYLE = Automatic;
				CURRENT_PROJECT_VERSION = 1;
				DEVELOPMENT_ASSET_PATHS = "\"Thrive/Preview Content\"";
				DEVELOPMENT_TEAM = 8Q6QW4M746;
				ENABLE_PREVIEWS = YES;
				GENERATE_INFOPLIST_FILE = YES;
				INFOPLIST_FILE = Thrive/Info.plist;
				"INFOPLIST_KEY_UIApplicationSceneManifest_Generation[sdk=iphoneos*]" = YES;
				"INFOPLIST_KEY_UIApplicationSceneManifest_Generation[sdk=iphonesimulator*]" = YES;
				"INFOPLIST_KEY_UIApplicationSupportsIndirectInputEvents[sdk=iphoneos*]" = YES;
				"INFOPLIST_KEY_UIApplicationSupportsIndirectInputEvents[sdk=iphonesimulator*]" = YES;
				"INFOPLIST_KEY_UILaunchScreen_Generation[sdk=iphoneos*]" = YES;
				"INFOPLIST_KEY_UILaunchScreen_Generation[sdk=iphonesimulator*]" = YES;
				"INFOPLIST_KEY_UIStatusBarStyle[sdk=iphoneos*]" = UIStatusBarStyleDefault;
				"INFOPLIST_KEY_UIStatusBarStyle[sdk=iphonesimulator*]" = UIStatusBarStyleDefault;
				INFOPLIST_KEY_UISupportedInterfaceOrientations_iPad = "UIInterfaceOrientationPortrait UIInterfaceOrientationPortraitUpsideDown UIInterfaceOrientationLandscapeLeft UIInterfaceOrientationLandscapeRight";
				INFOPLIST_KEY_UISupportedInterfaceOrientations_iPhone = "UIInterfaceOrientationPortrait UIInterfaceOrientationLandscapeLeft UIInterfaceOrientationLandscapeRight";
				IPHONEOS_DEPLOYMENT_TARGET = 17.5;
				LD_RUNPATH_SEARCH_PATHS = "@executable_path/Frameworks";
				"LD_RUNPATH_SEARCH_PATHS[sdk=macosx*]" = "@executable_path/../Frameworks";
				MACOSX_DEPLOYMENT_TARGET = 14.5;
				MARKETING_VERSION = 1.0;
				PRODUCT_BUNDLE_IDENTIFIER = aabbabc.Thrive;
				PRODUCT_NAME = "$(TARGET_NAME)";
				SDKROOT = auto;
				SUPPORTED_PLATFORMS = "iphoneos iphonesimulator macosx";
				SWIFT_EMIT_LOC_STRINGS = YES;
				SWIFT_VERSION = 5.0;
				TARGETED_DEVICE_FAMILY = "1,2";
			};
			name = Debug;
		};
		69E6381A2C1D793400657310 /* Release */ = {
			isa = XCBuildConfiguration;
			buildSettings = {
				ASSETCATALOG_COMPILER_APPICON_NAME = AppIcon;
				ASSETCATALOG_COMPILER_GLOBAL_ACCENT_COLOR_NAME = AccentColor;
				CODE_SIGN_ENTITLEMENTS = Thrive/Thrive.entitlements;
				CODE_SIGN_STYLE = Automatic;
				CURRENT_PROJECT_VERSION = 1;
				DEVELOPMENT_ASSET_PATHS = "\"Thrive/Preview Content\"";
				DEVELOPMENT_TEAM = 8Q6QW4M746;
				ENABLE_PREVIEWS = YES;
				GENERATE_INFOPLIST_FILE = YES;
				INFOPLIST_FILE = Thrive/Info.plist;
				"INFOPLIST_KEY_UIApplicationSceneManifest_Generation[sdk=iphoneos*]" = YES;
				"INFOPLIST_KEY_UIApplicationSceneManifest_Generation[sdk=iphonesimulator*]" = YES;
				"INFOPLIST_KEY_UIApplicationSupportsIndirectInputEvents[sdk=iphoneos*]" = YES;
				"INFOPLIST_KEY_UIApplicationSupportsIndirectInputEvents[sdk=iphonesimulator*]" = YES;
				"INFOPLIST_KEY_UILaunchScreen_Generation[sdk=iphoneos*]" = YES;
				"INFOPLIST_KEY_UILaunchScreen_Generation[sdk=iphonesimulator*]" = YES;
				"INFOPLIST_KEY_UIStatusBarStyle[sdk=iphoneos*]" = UIStatusBarStyleDefault;
				"INFOPLIST_KEY_UIStatusBarStyle[sdk=iphonesimulator*]" = UIStatusBarStyleDefault;
				INFOPLIST_KEY_UISupportedInterfaceOrientations_iPad = "UIInterfaceOrientationPortrait UIInterfaceOrientationPortraitUpsideDown UIInterfaceOrientationLandscapeLeft UIInterfaceOrientationLandscapeRight";
				INFOPLIST_KEY_UISupportedInterfaceOrientations_iPhone = "UIInterfaceOrientationPortrait UIInterfaceOrientationLandscapeLeft UIInterfaceOrientationLandscapeRight";
				IPHONEOS_DEPLOYMENT_TARGET = 17.5;
				LD_RUNPATH_SEARCH_PATHS = "@executable_path/Frameworks";
				"LD_RUNPATH_SEARCH_PATHS[sdk=macosx*]" = "@executable_path/../Frameworks";
				MACOSX_DEPLOYMENT_TARGET = 14.5;
				MARKETING_VERSION = 1.0;
				PRODUCT_BUNDLE_IDENTIFIER = aabbabc.Thrive;
				PRODUCT_NAME = "$(TARGET_NAME)";
				SDKROOT = auto;
				SUPPORTED_PLATFORMS = "iphoneos iphonesimulator macosx";
				SWIFT_EMIT_LOC_STRINGS = YES;
				SWIFT_VERSION = 5.0;
				TARGETED_DEVICE_FAMILY = "1,2";
			};
			name = Release;
		};
		69E6381C2C1D793400657310 /* Debug */ = {
			isa = XCBuildConfiguration;
			buildSettings = {
				ALWAYS_EMBED_SWIFT_STANDARD_LIBRARIES = YES;
				BUNDLE_LOADER = "$(TEST_HOST)";
				CODE_SIGN_STYLE = Automatic;
				CURRENT_PROJECT_VERSION = 1;
				GENERATE_INFOPLIST_FILE = YES;
				IPHONEOS_DEPLOYMENT_TARGET = 17.5;
				MACOSX_DEPLOYMENT_TARGET = 14.5;
				MARKETING_VERSION = 1.0;
				PRODUCT_BUNDLE_IDENTIFIER = aabbabc.ThriveTests;
				PRODUCT_NAME = "$(TARGET_NAME)";
				SDKROOT = auto;
				SUPPORTED_PLATFORMS = "iphoneos iphonesimulator macosx";
				SWIFT_EMIT_LOC_STRINGS = NO;
				SWIFT_VERSION = 5.0;
				TARGETED_DEVICE_FAMILY = "1,2";
				TEST_HOST = "$(BUILT_PRODUCTS_DIR)/Thrive.app/$(BUNDLE_EXECUTABLE_FOLDER_PATH)/Thrive";
			};
			name = Debug;
		};
		69E6381D2C1D793400657310 /* Release */ = {
			isa = XCBuildConfiguration;
			buildSettings = {
				ALWAYS_EMBED_SWIFT_STANDARD_LIBRARIES = YES;
				BUNDLE_LOADER = "$(TEST_HOST)";
				CODE_SIGN_STYLE = Automatic;
				CURRENT_PROJECT_VERSION = 1;
				GENERATE_INFOPLIST_FILE = YES;
				IPHONEOS_DEPLOYMENT_TARGET = 17.5;
				MACOSX_DEPLOYMENT_TARGET = 14.5;
				MARKETING_VERSION = 1.0;
				PRODUCT_BUNDLE_IDENTIFIER = aabbabc.ThriveTests;
				PRODUCT_NAME = "$(TARGET_NAME)";
				SDKROOT = auto;
				SUPPORTED_PLATFORMS = "iphoneos iphonesimulator macosx";
				SWIFT_EMIT_LOC_STRINGS = NO;
				SWIFT_VERSION = 5.0;
				TARGETED_DEVICE_FAMILY = "1,2";
				TEST_HOST = "$(BUILT_PRODUCTS_DIR)/Thrive.app/$(BUNDLE_EXECUTABLE_FOLDER_PATH)/Thrive";
			};
			name = Release;
		};
		69E6381F2C1D793400657310 /* Debug */ = {
			isa = XCBuildConfiguration;
			buildSettings = {
				ALWAYS_EMBED_SWIFT_STANDARD_LIBRARIES = YES;
				CODE_SIGN_STYLE = Automatic;
				CURRENT_PROJECT_VERSION = 1;
				GENERATE_INFOPLIST_FILE = YES;
				IPHONEOS_DEPLOYMENT_TARGET = 17.5;
				MACOSX_DEPLOYMENT_TARGET = 14.5;
				MARKETING_VERSION = 1.0;
				PRODUCT_BUNDLE_IDENTIFIER = aabbabc.ThriveUITests;
				PRODUCT_NAME = "$(TARGET_NAME)";
				SDKROOT = auto;
				SUPPORTED_PLATFORMS = "iphoneos iphonesimulator macosx";
				SWIFT_EMIT_LOC_STRINGS = NO;
				SWIFT_VERSION = 5.0;
				TARGETED_DEVICE_FAMILY = "1,2";
				TEST_TARGET_NAME = Thrive;
			};
			name = Debug;
		};
		69E638202C1D793400657310 /* Release */ = {
			isa = XCBuildConfiguration;
			buildSettings = {
				ALWAYS_EMBED_SWIFT_STANDARD_LIBRARIES = YES;
				CODE_SIGN_STYLE = Automatic;
				CURRENT_PROJECT_VERSION = 1;
				GENERATE_INFOPLIST_FILE = YES;
				IPHONEOS_DEPLOYMENT_TARGET = 17.5;
				MACOSX_DEPLOYMENT_TARGET = 14.5;
				MARKETING_VERSION = 1.0;
				PRODUCT_BUNDLE_IDENTIFIER = aabbabc.ThriveUITests;
				PRODUCT_NAME = "$(TARGET_NAME)";
				SDKROOT = auto;
				SUPPORTED_PLATFORMS = "iphoneos iphonesimulator macosx";
				SWIFT_EMIT_LOC_STRINGS = NO;
				SWIFT_VERSION = 5.0;
				TARGETED_DEVICE_FAMILY = "1,2";
				TEST_TARGET_NAME = Thrive;
			};
			name = Release;
		};
/* End XCBuildConfiguration section */

/* Begin XCConfigurationList section */
		69E637EE2C1D793200657310 /* Build configuration list for PBXProject "Thrive" */ = {
			isa = XCConfigurationList;
			buildConfigurations = (
				69E638162C1D793400657310 /* Debug */,
				69E638172C1D793400657310 /* Release */,
			);
			defaultConfigurationIsVisible = 0;
			defaultConfigurationName = Release;
		};
		69E638182C1D793400657310 /* Build configuration list for PBXNativeTarget "Thrive" */ = {
			isa = XCConfigurationList;
			buildConfigurations = (
				69E638192C1D793400657310 /* Debug */,
				69E6381A2C1D793400657310 /* Release */,
			);
			defaultConfigurationIsVisible = 0;
			defaultConfigurationName = Release;
		};
		69E6381B2C1D793400657310 /* Build configuration list for PBXNativeTarget "ThriveTests" */ = {
			isa = XCConfigurationList;
			buildConfigurations = (
				69E6381C2C1D793400657310 /* Debug */,
				69E6381D2C1D793400657310 /* Release */,
			);
			defaultConfigurationIsVisible = 0;
			defaultConfigurationName = Release;
		};
		69E6381E2C1D793400657310 /* Build configuration list for PBXNativeTarget "ThriveUITests" */ = {
			isa = XCConfigurationList;
			buildConfigurations = (
				69E6381F2C1D793400657310 /* Debug */,
				69E638202C1D793400657310 /* Release */,
			);
			defaultConfigurationIsVisible = 0;
			defaultConfigurationName = Release;
		};
/* End XCConfigurationList section */

/* Begin XCRemoteSwiftPackageReference section */
		69E638842C2B271000657310 /* XCRemoteSwiftPackageReference "firebase-ios-sdk" */ = {
			isa = XCRemoteSwiftPackageReference;
			repositoryURL = "https://github.com/firebase/firebase-ios-sdk";
			requirement = {
				kind = upToNextMajorVersion;
				minimumVersion = 10.28.1;
			};
		};
		69E638B72C2CAF3500657310 /* XCRemoteSwiftPackageReference "Alamofire" */ = {
			isa = XCRemoteSwiftPackageReference;
			repositoryURL = "https://github.com/Alamofire/Alamofire.git";
			requirement = {
				kind = upToNextMajorVersion;
				minimumVersion = 5.9.1;
			};
		};
/* End XCRemoteSwiftPackageReference section */

/* Begin XCSwiftPackageProductDependency section */
		69E638852C2B271000657310 /* FirebaseAuth */ = {
			isa = XCSwiftPackageProductDependency;
			package = 69E638842C2B271000657310 /* XCRemoteSwiftPackageReference "firebase-ios-sdk" */;
			productName = FirebaseAuth;
		};
		69E638872C2B271000657310 /* FirebaseFirestore */ = {
			isa = XCSwiftPackageProductDependency;
			package = 69E638842C2B271000657310 /* XCRemoteSwiftPackageReference "firebase-ios-sdk" */;
			productName = FirebaseFirestore;
		};
		69E638892C2B271000657310 /* FirebaseFirestoreSwift */ = {
			isa = XCSwiftPackageProductDependency;
			package = 69E638842C2B271000657310 /* XCRemoteSwiftPackageReference "firebase-ios-sdk" */;
			productName = FirebaseFirestoreSwift;
		};
/* End XCSwiftPackageProductDependency section */
	};
	rootObject = 69E637EB2C1D793200657310 /* Project object */;
}
